
Microsoft Visual Studio Solution File, Format Version 12.00
# Visual Studio Version 16
VisualStudioVersion = 16.0.29123.88
MinimumVisualStudioVersion = 10.0.40219.1
Project("{FAE04EC0-301F-11D3-BF4B-00C04F79EFBC}") = "Learning.MessagePack.ConsoleHost", "Learning.MessagePack.ConsoleHost\Learning.MessagePack.ConsoleHost.csproj", "{109CB1C3-967B-47F1-86F1-2697A94CD8B3}"
EndProject
Global
	GlobalSection(SolutionConfigurationPlatforms) = preSolution
		Debug|Any CPU = Debug|Any CPU
		Release|Any CPU = Release|Any CPU
	EndGlobalSection
	GlobalSection(ProjectConfigurationPlatforms) = postSolution
		{109CB1C3-967B-47F1-86F1-2697A94CD8B3}.Debug|Any CPU.ActiveCfg = Debug|Any CPU
		{109CB1C3-967B-47F1-86F1-2697A94CD8B3}.Debug|Any CPU.Build.0 = Debug|Any CPU
		{109CB1C3-967B-47F1-86F1-2697A94CD8B3}.Release|Any CPU.ActiveCfg = Release|Any CPU
		{109CB1C3-967B-47F1-86F1-2697A94CD8B3}.Release|Any CPU.Build.0 = Release|Any CPU
	EndGlobalSection
	GlobalSection(SolutionProperties) = preSolution
		HideSolutionNode = FALSE
	EndGlobalSection
	GlobalSection(ExtensibilityGlobals) = postSolution
		SolutionGuid = {3CF62546-D892-4B97-B212-3F6B1170480C}
	EndGlobalSection
EndGlobal
